<?xml version="1.0" encoding="utf-8"?>
<Project ToolsVersion="17.0" xmlns="http://schemas.microsoft.com/developer/msbuild/2003">
  <ItemGroup>
    <ClCompile Include="D:\adver_system\elevator-ad-platform\edge\src\Database.cpp">
      <Filter>Source Files</Filter>
    </ClCompile>
    <ClCompile Include="D:\adver_system\elevator-ad-platform\edge\src\main.cpp">
      <Filter>Source Files</Filter>
    </ClCompile>
    <ClCompile Include="D:\adver_system\elevator-ad-platform\edge\src\EdgeManager.cpp">
      <Filter>Source Files</Filter>
    </ClCompile>
    <ClCompile Include="D:\adver_system\elevator-ad-platform\edge\src\VideoPlayer.cpp">
      <Filter>Source Files</Filter>
    </ClCompile>
    <ClCompile Include="D:\adver_system\elevator-ad-platform\edge\src\NetworkClient.cpp">
      <Filter>Source Files</Filter>
    </ClCompile>
    <ClCompile Include="D:\adver_system\elevator-ad-platform\edge\src\Watchdog.cpp">
      <Filter>Source Files</Filter>
    </ClCompile>
  </ItemGroup>
  <ItemGroup>
    <CustomBuild Include="D:\adver_system\elevator-ad-platform\edge\CMakeLists.txt" />
  </ItemGroup>
  <ItemGroup>
    <Filter Include="Source Files">
      <UniqueIdentifier>{727B8502-6563-3995-8DDA-0FE2AFEF44FB}</UniqueIdentifier>
    </Filter>
  </ItemGroup>
</Project>
