<?xml version="1.0" encoding="utf-8"?>
<Project ToolsVersion="17.0" xmlns="http://schemas.microsoft.com/developer/msbuild/2003">
  <ItemGroup>
    <ClCompile Include="D:\D huancun\elevator-ad-platform\edge\src\Database.cpp">
      <Filter>Source Files</Filter>
    </ClCompile>
    <ClCompile Include="D:\D huancun\elevator-ad-platform\edge\src\main.cpp">
      <Filter>Source Files</Filter>
    </ClCompile>
    <ClCompile Include="D:\D huancun\elevator-ad-platform\edge\src\EdgeManager.cpp">
      <Filter>Source Files</Filter>
    </ClCompile>
    <ClCompile Include="D:\D huancun\elevator-ad-platform\edge\src\VideoPlayer.cpp">
      <Filter>Source Files</Filter>
    </ClCompile>
    <ClCompile Include="D:\D huancun\elevator-ad-platform\edge\src\NetworkClient.cpp">
      <Filter>Source Files</Filter>
    </ClCompile>
  </ItemGroup>
  <ItemGroup>
    <CustomBuild Include="D:\D huancun\elevator-ad-platform\edge\CMakeLists.txt" />
  </ItemGroup>
  <ItemGroup>
    <Filter Include="Source Files">
      <UniqueIdentifier>{F02B3FE7-06A4-3326-AFDF-ABD7D62FCEDF}</UniqueIdentifier>
    </Filter>
  </ItemGroup>
</Project>
