
Microsoft Visual Studio Solution File, Format Version 12.00
# Visual Studio Version 17
Project("{8BC9CEB8-8B4A-11D0-8D11-00A0C91BC942}") = "ALL_BUILD", "ALL_BUILD.vcxproj", "{7F9BD18C-4850-3D22-8AE8-10F8132FD069}"
	ProjectSection(ProjectDependencies) = postProject
		{3DCDE908-C994-3EC9-BC26-A26F6179ECBB} = {3DCDE908-C994-3EC9-BC26-A26F6179ECBB}
		{3E12F831-6BE7-3AF8-B46E-FFB1A1B726EC} = {3E12F831-6BE7-3AF8-B46E-FFB1A1B726EC}
	EndProjectSection
EndProject
Project("{8BC9CEB8-8B4A-11D0-8D11-00A0C91BC942}") = "ZERO_CHECK", "ZERO_CHECK.vcxproj", "{3DCDE908-C994-3EC9-BC26-A26F6179ECBB}"
	ProjectSection(ProjectDependencies) = postProject
	EndProjectSection
EndProject
Project("{8BC9CEB8-8B4A-11D0-8D11-00A0C91BC942}") = "edge", "edge.vcxproj", "{3E12F831-6BE7-3AF8-B46E-FFB1A1B726EC}"
	ProjectSection(ProjectDependencies) = postProject
		{3DCDE908-C994-3EC9-BC26-A26F6179ECBB} = {3DCDE908-C994-3EC9-BC26-A26F6179ECBB}
	EndProjectSection
EndProject
Global
	GlobalSection(SolutionConfigurationPlatforms) = preSolution
		Debug|x64 = Debug|x64
		Release|x64 = Release|x64
		MinSizeRel|x64 = MinSizeRel|x64
		RelWithDebInfo|x64 = RelWithDebInfo|x64
	EndGlobalSection
	GlobalSection(ProjectConfigurationPlatforms) = postSolution
		{7F9BD18C-4850-3D22-8AE8-10F8132FD069}.Debug|x64.ActiveCfg = Debug|x64
		{7F9BD18C-4850-3D22-8AE8-10F8132FD069}.Release|x64.ActiveCfg = Release|x64
		{7F9BD18C-4850-3D22-8AE8-10F8132FD069}.MinSizeRel|x64.ActiveCfg = MinSizeRel|x64
		{7F9BD18C-4850-3D22-8AE8-10F8132FD069}.RelWithDebInfo|x64.ActiveCfg = RelWithDebInfo|x64
		{3DCDE908-C994-3EC9-BC26-A26F6179ECBB}.Debug|x64.ActiveCfg = Debug|x64
		{3DCDE908-C994-3EC9-BC26-A26F6179ECBB}.Debug|x64.Build.0 = Debug|x64
		{3DCDE908-C994-3EC9-BC26-A26F6179ECBB}.Release|x64.ActiveCfg = Release|x64
		{3DCDE908-C994-3EC9-BC26-A26F6179ECBB}.Release|x64.Build.0 = Release|x64
		{3DCDE908-C994-3EC9-BC26-A26F6179ECBB}.MinSizeRel|x64.ActiveCfg = MinSizeRel|x64
		{3DCDE908-C994-3EC9-BC26-A26F6179ECBB}.MinSizeRel|x64.Build.0 = MinSizeRel|x64
		{3DCDE908-C994-3EC9-BC26-A26F6179ECBB}.RelWithDebInfo|x64.ActiveCfg = RelWithDebInfo|x64
		{3DCDE908-C994-3EC9-BC26-A26F6179ECBB}.RelWithDebInfo|x64.Build.0 = RelWithDebInfo|x64
		{3E12F831-6BE7-3AF8-B46E-FFB1A1B726EC}.Debug|x64.ActiveCfg = Debug|x64
		{3E12F831-6BE7-3AF8-B46E-FFB1A1B726EC}.Debug|x64.Build.0 = Debug|x64
		{3E12F831-6BE7-3AF8-B46E-FFB1A1B726EC}.Release|x64.ActiveCfg = Release|x64
		{3E12F831-6BE7-3AF8-B46E-FFB1A1B726EC}.Release|x64.Build.0 = Release|x64
		{3E12F831-6BE7-3AF8-B46E-FFB1A1B726EC}.MinSizeRel|x64.ActiveCfg = MinSizeRel|x64
		{3E12F831-6BE7-3AF8-B46E-FFB1A1B726EC}.MinSizeRel|x64.Build.0 = MinSizeRel|x64
		{3E12F831-6BE7-3AF8-B46E-FFB1A1B726EC}.RelWithDebInfo|x64.ActiveCfg = RelWithDebInfo|x64
		{3E12F831-6BE7-3AF8-B46E-FFB1A1B726EC}.RelWithDebInfo|x64.Build.0 = RelWithDebInfo|x64
	EndGlobalSection
	GlobalSection(ExtensibilityGlobals) = postSolution
		SolutionGuid = {6C8F4059-7CB9-345F-920D-F78EBB41061A}
	EndGlobalSection
	GlobalSection(ExtensibilityAddIns) = postSolution
	EndGlobalSection
EndGlobal
